# @generated by Move, please check-in and do not edit manually.

[move]
version = 2
manifest_digest = "712331B96C2E217C3C2EC2C1E18698FED66F4F500DF783618AE4DA2621EFA061"
deps_digest = "060AD7E57DFB13104F21BE5F5C3759D03F0553FC3229247D9A7A6B45F50D03A3"
dependencies = [
  { name = "Sui" },
  { name = "package_info" },
  { name = "suins" },
]

[[move.package]]
name = "MoveStdlib"
source = { git = "https://github.com/MystenLabs/sui.git", rev = "framework/mainnet", subdir = "crates/sui-framework/packages/move-stdlib" }

[[move.package]]
name = "Sui"
source = { git = "https://github.com/MystenLabs/sui.git", rev = "framework/mainnet", subdir = "crates/sui-framework/packages/sui-framework" }

dependencies = [
  { name = "MoveStdlib" },
]

[[move.package]]
name = "package_info"
source = { local = "../package_info" }

dependencies = [
  { name = "Sui" },
]

[[move.package]]
name = "suins"
source = { git = "https://github.com/mystenlabs/suins-contracts/", rev = "releases/mainnet/core/v3", subdir = "packages/suins" }

dependencies = [
  { name = "Sui" },
]

[move.toolchain-version]
compiler-version = "1.33.0"
edition = "2024.alpha"
flavor = "sui"

[env]

[env.testnet]
chain-id = "4c78adac"
original-published-id = "0xa6041ac57f9151d49d00dcdc4f79f8c5ba1e399e1005dcb0fdd1c8632020d5a6"
latest-published-id = "0xa6041ac57f9151d49d00dcdc4f79f8c5ba1e399e1005dcb0fdd1c8632020d5a6"
published-version = "1"

[env.mainnet]
chain-id = "35834a8a"
original-published-id = "0xaee5759aedf6c533634cdd2de412f6e6dfc754a89b0ec554a73597348f334477"
latest-published-id = "0xaee5759aedf6c533634cdd2de412f6e6dfc754a89b0ec554a73597348f334477"
published-version = "1"
