# @generated by Move, please check-in and do not edit manually.

[move]
version = 3
manifest_digest = "415D257C2252070B338A1487EB4E9AACFE70C290D76059E748E822CDD5A1ADB9"
deps_digest = "3C4103934B1E040BB6B23F1D610B4EF9F2F1166A50A104EADCF77467C004C600"
dependencies = [
  { id = "Sui", name = "Sui" },
  { id = "mvr", name = "mvr" },
]

[[move.package]]
id = "Codec"
source = { git = "https://github.com/sui-potatoes/app.git", rev = "codec@mainnet-v1", subdir = "packages/codec" }

dependencies = [
  { id = "Sui", name = "Sui" },
]

[[move.package]]
id = "MoveStdlib"
source = { git = "https://github.com/MystenLabs/sui.git", rev = "framework/mainnet", subdir = "crates/sui-framework/packages/move-stdlib" }

[[move.package]]
id = "Sui"
source = { git = "https://github.com/MystenLabs/sui.git", rev = "framework/mainnet", subdir = "crates/sui-framework/packages/sui-framework" }

dependencies = [
  { id = "MoveStdlib", name = "MoveStdlib" },
]

[[move.package]]
id = "mvr"
source = { local = "../mvr" }

dependencies = [
  { id = "Codec", name = "Codec" },
  { id = "Sui", name = "Sui" },
  { id = "package_info", name = "package_info" },
  { id = "suins", name = "suins" },
]

[[move.package]]
id = "package_info"
source = { local = "../package_info" }

dependencies = [
  { id = "Codec", name = "Codec" },
  { id = "Sui", name = "Sui" },
]

[[move.package]]
id = "suins"
source = { git = "https://github.com/mystenlabs/suins-contracts/", rev = "releases/testnet/core/v2", subdir = "packages/suins" }

dependencies = [
  { id = "Sui", name = "Sui" },
]

[move.toolchain-version]
compiler-version = "1.42.0"
edition = "2024.beta"
flavor = "sui"
