# @generated by Move, please check-in and do not edit manually.

[move]
version = 3
manifest_digest = "FB6B33F247D5C519E7FE36E752FF7C218F76D60DE96715B97FE88D1C330D999E"
deps_digest = "F8BBB0CCB2491CA29A3DF03D6F92277A4F3574266507ACD77214D37ECA3F3082"
dependencies = [
  { id = "Sui", name = "Sui" },
]

[[move.package]]
id = "MoveStdlib"
source = { git = "https://github.com/MystenLabs/sui.git", rev = "framework/testnet", subdir = "crates/sui-framework/packages/move-stdlib" }

[[move.package]]
id = "Sui"
source = { git = "https://github.com/MystenLabs/sui.git", rev = "framework/testnet", subdir = "crates/sui-framework/packages/sui-framework" }

dependencies = [
  { id = "MoveStdlib", name = "MoveStdlib" },
]

[move.toolchain-version]
compiler-version = "1.35.0"
edition = "2024.beta"
flavor = "sui"

[env]

[env.mainnet]
chain-id = "35834a8a"
original-published-id = "0x6ad6692327074e360e915401812aa3192e88f6effb02b3d67a970e57dd11f1b0"
latest-published-id = "0x6ad6692327074e360e915401812aa3192e88f6effb02b3d67a970e57dd11f1b0"
published-version = "1"

[env.testnet]
chain-id = "4c78adac"
original-published-id = "0xa0c6fc75aca23576e4379f31c3e8a943ec58858ce0dcc05b87fb5bc9d0042a2b"
latest-published-id = "0x736bfc14666ecbd7649e5e007405f46731face46f9d666384f6b264d336e816d"
published-version = "2"
