# @generated by Move, please check-in and do not edit manually.

[move]
version = 3
manifest_digest = "6AB7D0CA59A572E0365D9E4EA57D4735B11C98570D225A1AAFD5D894E9144E16"
deps_digest = "F8BBB0CCB2491CA29A3DF03D6F92277A4F3574266507ACD77214D37ECA3F3082"
dependencies = [
  { id = "Sui", name = "Sui" },
]

[[move.package]]
id = "MoveStdlib"
source = { git = "https://github.com/MystenLabs/sui.git", rev = "framework/mainnet", subdir = "crates/sui-framework/packages/move-stdlib" }

[[move.package]]
id = "Sui"
source = { git = "https://github.com/MystenLabs/sui.git", rev = "framework/mainnet", subdir = "crates/sui-framework/packages/sui-framework" }

dependencies = [
  { id = "MoveStdlib", name = "MoveStdlib" },
]

[move.toolchain-version]
compiler-version = "1.42.0"
edition = "2024.beta"
flavor = "sui"

[env]

[env.mainnet]
chain-id = "35834a8a"
original-published-id = "0x355eebd10d6d3d8ef095d864cbbc3a0009d467b60e46f39f8d8b67832c0d2429"
latest-published-id = "0x355eebd10d6d3d8ef095d864cbbc3a0009d467b60e46f39f8d8b67832c0d2429"
published-version = "1"
