lockfileVersion: '9.0'

settings:
  autoInstallPeers: true
  excludeLinksFromLockfile: false

importers:

  .:
    dependencies:
      deep-diff:
        specifier: ^1.0.2
        version: 1.0.2
      js-toml:
        specifier: ^1.0.1
        version: 1.0.1
      toml:
        specifier: ^3.0.0
        version: 3.0.0

packages:

  '@babel/runtime-corejs3@7.27.0':
    resolution: {integrity: sha512-UWjX6t+v+0ckwZ50Y5ShZLnlk95pP5MyW/pon9tiYzl3+18pkTHTFNTKr7rQbfRXPkowt2QAn30o1b6oswszew==}
    engines: {node: '>=6.9.0'}

  '@chevrotain/cst-dts-gen@11.0.3':
    resolution: {integrity: sha512-BvIKpRLeS/8UbfxXxgC33xOumsacaeCKAjAeLyOn7Pcp95HiRbrpl14S+9vaZLolnbssPIUuiUd8IvgkRyt6NQ==}

  '@chevrotain/gast@11.0.3':
    resolution: {integrity: sha512-+qNfcoNk70PyS/uxmj3li5NiECO+2YKZZQMbmjTqRI3Qchu8Hig/Q9vgkHpI3alNjr7M+a2St5pw5w5F6NL5/Q==}

  '@chevrotain/regexp-to-ast@11.0.3':
    resolution: {integrity: sha512-1fMHaBZxLFvWI067AVbGJav1eRY7N8DDvYCTwGBiE/ytKBgP8azTdgyrKyWZ9Mfh09eHWb5PgTSO8wi7U824RA==}

  '@chevrotain/types@11.0.3':
    resolution: {integrity: sha512-gsiM3G8b58kZC2HaWR50gu6Y1440cHiJ+i3JUvcp/35JchYejb2+5MVeJK0iKThYpAa/P2PYFV4hoi44HD+aHQ==}

  '@chevrotain/utils@11.0.3':
    resolution: {integrity: sha512-YslZMgtJUyuMbZ+aKvfF3x1f5liK4mWNxghFRv7jqRR9C3R3fAOGTTKvxXDa2Y1s9zSbcpuO0cAxDYsc9SrXoQ==}

  chevrotain@11.0.3:
    resolution: {integrity: sha512-ci2iJH6LeIkvP9eJW6gpueU8cnZhv85ELY8w8WiFtNjMHA5ad6pQLaJo9mEly/9qUyCpvqX8/POVUTf18/HFdw==}

  core-js-pure@3.41.0:
    resolution: {integrity: sha512-71Gzp96T9YPk63aUvE5Q5qP+DryB4ZloUZPSOebGM88VNw8VNfvdA7z6kGA8iGOTEzAomsRidp4jXSmUIJsL+Q==}

  deep-diff@1.0.2:
    resolution: {integrity: sha512-aWS3UIVH+NPGCD1kki+DCU9Dua032iSsO43LqQpcs4R3+dVv7tX0qBGjiVHJHjplsoUM2XRO/KB92glqc68awg==}

  js-toml@1.0.1:
    resolution: {integrity: sha512-rHd/IolpFm2V5BmHCEY8CckHs8NDsYZZ64H5RNgA6Opsr9vX4QyTiQPplgtqg7b3ztqYShZC38nl6CUg7QuhXg==}

  lodash-es@4.17.21:
    resolution: {integrity: sha512-mKnC+QJ9pWVzv+C4/U3rRsHapFfHvQFoFB92e52xeyGMcX6/OlIl78je1u8vePzYZSkkogMPJ2yjxxsb89cxyw==}

  regenerator-runtime@0.14.1:
    resolution: {integrity: sha512-dYnhHh0nJoMfnkZs6GmmhFknAGRrLznOu5nc9ML+EJxGvrx6H7teuevqVqCuPcPK//3eDrrjQhehXVx9cnkGdw==}

  toml@3.0.0:
    resolution: {integrity: sha512-y/mWCZinnvxjTKYhJ+pYxwD0mRLVvOtdS2Awbgxln6iEnt4rk0yBxeSBHkGJcPucRiG0e55mwWp+g/05rsrd6w==}

  xregexp@5.1.2:
    resolution: {integrity: sha512-6hGgEMCGhqCTFEJbqmWrNIPqfpdirdGWkqshu7fFZddmTSfgv5Sn9D2SaKloR79s5VUiUlpwzg3CM3G6D3VIlw==}

snapshots:

  '@babel/runtime-corejs3@7.27.0':
    dependencies:
      core-js-pure: 3.41.0
      regenerator-runtime: 0.14.1

  '@chevrotain/cst-dts-gen@11.0.3':
    dependencies:
      '@chevrotain/gast': 11.0.3
      '@chevrotain/types': 11.0.3
      lodash-es: 4.17.21

  '@chevrotain/gast@11.0.3':
    dependencies:
      '@chevrotain/types': 11.0.3
      lodash-es: 4.17.21

  '@chevrotain/regexp-to-ast@11.0.3': {}

  '@chevrotain/types@11.0.3': {}

  '@chevrotain/utils@11.0.3': {}

  chevrotain@11.0.3:
    dependencies:
      '@chevrotain/cst-dts-gen': 11.0.3
      '@chevrotain/gast': 11.0.3
      '@chevrotain/regexp-to-ast': 11.0.3
      '@chevrotain/types': 11.0.3
      '@chevrotain/utils': 11.0.3
      lodash-es: 4.17.21

  core-js-pure@3.41.0: {}

  deep-diff@1.0.2: {}

  js-toml@1.0.1:
    dependencies:
      chevrotain: 11.0.3
      xregexp: 5.1.2

  lodash-es@4.17.21: {}

  regenerator-runtime@0.14.1: {}

  toml@3.0.0: {}

  xregexp@5.1.2:
    dependencies:
      '@babel/runtime-corejs3': 7.27.0
