# @generated by Move, please check-in and do not edit manually.

[move]
version = 3
manifest_digest = "895CA7C9257D7FA802CCBC7651B15377D0DAC07BA6F3EED4B288DDED428B06C4"
deps_digest = "F9B494B64F0615AED0E98FC12A85B85ECD2BC5185C22D30E7F67786BB52E507C"
dependencies = [
  { id = "Codec", name = "Codec" },
  { id = "Sui", name = "Sui" },
  { id = "package_info", name = "package_info" },
  { id = "suins", name = "suins" },
]

[[move.package]]
id = "Codec"
source = { git = "https://github.com/sui-potatoes/app.git", rev = "codec@mainnet-v1", subdir = "packages/codec" }

dependencies = [
  { id = "Sui", name = "Sui" },
]

[[move.package]]
id = "MoveStdlib"
source = { git = "https://github.com/MystenLabs/sui.git", rev = "framework/mainnet", subdir = "crates/sui-framework/packages/move-stdlib" }

[[move.package]]
id = "Sui"
source = { git = "https://github.com/MystenLabs/sui.git", rev = "framework/mainnet", subdir = "crates/sui-framework/packages/sui-framework" }

dependencies = [
  { id = "MoveStdlib", name = "MoveStdlib" },
]

[[move.package]]
id = "package_info"
source = { local = "../package_info" }

dependencies = [
  { id = "Codec", name = "Codec" },
  { id = "Sui", name = "Sui" },
]

[[move.package]]
id = "suins"
source = { git = "https://github.com/mystenlabs/suins-contracts/", rev = "releases/mainnet/core/v3", subdir = "packages/suins" }

dependencies = [
  { id = "Sui", name = "Sui" },
]

[move.toolchain-version]
compiler-version = "1.42.0"
edition = "2024.alpha"
flavor = "sui"


[env.mainnet]
chain-id = "35834a8a"
original-published-id = "0x62c1f5b1cb9e3bfc3dd1f73c95066487b662048a6358eabdbf67f6cdeca6db4b"
latest-published-id = "0x0bde14ccbabe5328c867e82495a4c39a3688c69943a5dc333f79029f966f0354"
published-version = "2"
