# @generated by Move, please check-in and do not edit manually.

[move]
version = 2
manifest_digest = "CED39E66101804B3F2912EAFDDBD80B9A9E04796886E8231A7117BEE63EE69A8"
deps_digest = "060AD7E57DFB13104F21BE5F5C3759D03F0553FC3229247D9A7A6B45F50D03A3"
dependencies = [
  { name = "Sui" },
  { name = "package_info" },
  { name = "suins" },
]

[[move.package]]
name = "Codec"
source = { git = "https://github.com/sui-potatoes/app.git", rev = "codec@testnet-v1", subdir = "packages/codec" }

dependencies = [
  { name = "Sui" },
]

[[move.package]]
name = "MoveStdlib"
source = { git = "https://github.com/MystenLabs/sui.git", rev = "framework/testnet", subdir = "crates/sui-framework/packages/move-stdlib" }

[[move.package]]
name = "Sui"
source = { git = "https://github.com/MystenLabs/sui.git", rev = "framework/testnet", subdir = "crates/sui-framework/packages/sui-framework" }

dependencies = [
  { name = "MoveStdlib" },
]

[[move.package]]
name = "package_info"
source = { local = "../package_info" }

dependencies = [
  { name = "Codec" },
  { name = "Sui" },
]

[[move.package]]
name = "suins"
source = { git = "https://github.com/mystenlabs/suins-contracts/", rev = "releases/testnet/core/v2", subdir = "packages/suins" }

dependencies = [
  { name = "Sui" },
]

[move.toolchain-version]
compiler-version = "1.33.0"
edition = "2024.alpha"
flavor = "sui"

[env]

[env.mainnet]
chain-id = "35834a8a"
original-published-id = "0xaee5759aedf6c533634cdd2de412f6e6dfc754a89b0ec554a73597348f334477"
latest-published-id = "0xaee5759aedf6c533634cdd2de412f6e6dfc754a89b0ec554a73597348f334477"
published-version = "1"
